
Microsoft Visual Studio Solution File, Format Version 12.00
# Visual Studio Version 17
VisualStudioVersion = 17.9.34616.47
MinimumVisualStudioVersion = 10.0.40219.1
Project("{FAE04EC0-301F-11D3-BF4B-00C04F79EFBC}") = "OOP_16", "OOP_16\OOP_16.csproj", "{92BCF831-D09A-4788-920F-27FD8FA97277}"
EndProject
Global
	GlobalSection(SolutionConfigurationPlatforms) = preSolution
		Debug|Any CPU = Debug|Any CPU
		Release|Any CPU = Release|Any CPU
	EndGlobalSection
	GlobalSection(ProjectConfigurationPlatforms) = postSolution
		{92BCF831-D09A-4788-920F-27FD8FA97277}.Debug|Any CPU.ActiveCfg = Debug|Any CPU
		{92BCF831-D09A-4788-920F-27FD8FA97277}.Debug|Any CPU.Build.0 = Debug|Any CPU
		{92BCF831-D09A-4788-920F-27FD8FA97277}.Release|Any CPU.ActiveCfg = Release|Any CPU
		{92BCF831-D09A-4788-920F-27FD8FA97277}.Release|Any CPU.Build.0 = Release|Any CPU
	EndGlobalSection
	GlobalSection(SolutionProperties) = preSolution
		HideSolutionNode = FALSE
	EndGlobalSection
	GlobalSection(ExtensibilityGlobals) = postSolution
		SolutionGuid = {7C3F5555-FD35-4152-AC6A-4964E370BD8B}
	EndGlobalSection
EndGlobal
